{
  "originHash" : "90b1ca54cd21731dd4f3dfd109aacc0cf27fa6cf30b38f74a4904f60f0bf83fa",
  "pins" : [
    {
      "identity" : "fluidaudio",
      "kind" : "remoteSourceControl",
      "location" : "https://github.com/FluidInference/FluidAudio.git",
      "state" : {
        "revision" : "c367a18e77f9e07a9d0493f6e6fa713d0f774f13"
      }
    }
  ],
  "version" : 3
}
